
Microsoft Visual Studio Solution File, Format Version 12.00
# Visual Studio 14
VisualStudioVersion = 14.0.25420.1
MinimumVisualStudioVersion = 10.0.40219.1
Project("{FAE04EC0-301F-11D3-BF4B-00C04F79EFBC}") = "AdvertsTable", "AdvertsTable\AdvertsTable.csproj", "{04F3F9A2-FD6B-4903-A0F6-C23E719914E4}"
EndProject
Project("{FAE04EC0-301F-11D3-BF4B-00C04F79EFBC}") = "AdvertsTable.Tests", "AdvertsTable.Tests\AdvertsTable.Tests.csproj", "{69605C2D-DF2D-48E7-B733-7B5CF6352897}"
EndProject
Project("{FAE04EC0-301F-11D3-BF4B-00C04F79EFBC}") = "Repository", "Repository\Repository.csproj", "{CBF23609-C1FA-45D6-B007-176C810E13E0}"
EndProject
Global
	GlobalSection(SolutionConfigurationPlatforms) = preSolution
		Debug|Any CPU = Debug|Any CPU
		Release|Any CPU = Release|Any CPU
	EndGlobalSection
	GlobalSection(ProjectConfigurationPlatforms) = postSolution
		{04F3F9A2-FD6B-4903-A0F6-C23E719914E4}.Debug|Any CPU.ActiveCfg = Debug|Any CPU
		{04F3F9A2-FD6B-4903-A0F6-C23E719914E4}.Debug|Any CPU.Build.0 = Debug|Any CPU
		{04F3F9A2-FD6B-4903-A0F6-C23E719914E4}.Release|Any CPU.ActiveCfg = Release|Any CPU
		{04F3F9A2-FD6B-4903-A0F6-C23E719914E4}.Release|Any CPU.Build.0 = Release|Any CPU
		{69605C2D-DF2D-48E7-B733-7B5CF6352897}.Debug|Any CPU.ActiveCfg = Debug|Any CPU
		{69605C2D-DF2D-48E7-B733-7B5CF6352897}.Debug|Any CPU.Build.0 = Debug|Any CPU
		{69605C2D-DF2D-48E7-B733-7B5CF6352897}.Release|Any CPU.ActiveCfg = Release|Any CPU
		{69605C2D-DF2D-48E7-B733-7B5CF6352897}.Release|Any CPU.Build.0 = Release|Any CPU
		{CBF23609-C1FA-45D6-B007-176C810E13E0}.Debug|Any CPU.ActiveCfg = Debug|Any CPU
		{CBF23609-C1FA-45D6-B007-176C810E13E0}.Debug|Any CPU.Build.0 = Debug|Any CPU
		{CBF23609-C1FA-45D6-B007-176C810E13E0}.Release|Any CPU.ActiveCfg = Release|Any CPU
		{CBF23609-C1FA-45D6-B007-176C810E13E0}.Release|Any CPU.Build.0 = Release|Any CPU
	EndGlobalSection
	GlobalSection(SolutionProperties) = preSolution
		HideSolutionNode = FALSE
	EndGlobalSection
EndGlobal
